
Microsoft Visual Studio Solution File, Format Version 12.00
# Visual Studio Version 17
VisualStudioVersion = 17.14.36705.20 d17.14
MinimumVisualStudioVersion = 10.0.40219.1
Project("{FAE04EC0-301F-11D3-BF4B-00C04F79EFBC}") = "SHISHUA CSHARP", "SHISHUA CSHARP\SHISHUA CSHARP.csproj", "{72AA776A-EFF4-4FF0-B857-01AE16180EF4}"
EndProject
Global
	GlobalSection(SolutionConfigurationPlatforms) = preSolution
		Debug|Any CPU = Debug|Any CPU
		Release|Any CPU = Release|Any CPU
	EndGlobalSection
	GlobalSection(ProjectConfigurationPlatforms) = postSolution
		{72AA776A-EFF4-4FF0-B857-01AE16180EF4}.Debug|Any CPU.ActiveCfg = Debug|Any CPU
		{72AA776A-EFF4-4FF0-B857-01AE16180EF4}.Debug|Any CPU.Build.0 = Debug|Any CPU
		{72AA776A-EFF4-4FF0-B857-01AE16180EF4}.Release|Any CPU.ActiveCfg = Release|Any CPU
		{72AA776A-EFF4-4FF0-B857-01AE16180EF4}.Release|Any CPU.Build.0 = Release|Any CPU
	EndGlobalSection
	GlobalSection(SolutionProperties) = preSolution
		HideSolutionNode = FALSE
	EndGlobalSection
	GlobalSection(ExtensibilityGlobals) = postSolution
		SolutionGuid = {E054A7AA-67B6-4C3D-9308-7D7EC1E0A7BE}
	EndGlobalSection
EndGlobal
